
Microsoft Visual Studio Solution File, Format Version 12.00
# Visual Studio Version 17
VisualStudioVersion = 17.14.36301.6
MinimumVisualStudioVersion = 10.0.40219.1
Project("{FAE04EC0-301F-11D3-BF4B-00C04F79EFBC}") = "LogService", "LogService\LogService.csproj", "{95E18A4E-AD24-484B-A659-9B8529085C2F}"
EndProject
Project("{FAE04EC0-301F-11D3-BF4B-00C04F79EFBC}") = "ApiGateway", "ApiGateway\ApiGateway.csproj", "{B9CC3FA2-88FD-4323-9394-340E113584FD}"
EndProject
Project("{2150E333-8FDC-42A3-9474-1A3956D46DE8}") = "Contracts", "Contracts", "{02EA681E-C7D8-13C7-8484-4AC65E1B71E8}"
EndProject
Project("{FAE04EC0-301F-11D3-BF4B-00C04F79EFBC}") = "Contracts.Common", "Contracts.Common\Contracts.Common.csproj", "{00F8F3FA-71C1-418C-AD17-4E5C00AE4EA9}"
EndProject
Project("{FAE04EC0-301F-11D3-BF4B-00C04F79EFBC}") = "Contracts.Logs", "Contracts.Logs\Contracts.Logs.csproj", "{BADF83E4-6382-4287-A563-4EE74A8FB19D}"
EndProject
Project("{FAE04EC0-301F-11D3-BF4B-00C04F79EFBC}") = "MailService", "MailService\MailService.csproj", "{ED839D30-5267-4299-A7D5-DD70D978ACFA}"
EndProject
Project("{FAE04EC0-301F-11D3-BF4B-00C04F79EFBC}") = "Contracts.Mail", "Contracts.Mail\Contracts.Mail.csproj", "{91A0844D-54AF-4A6E-80F5-4A66EE3B5FAF}"
EndProject
Project("{FAE04EC0-301F-11D3-BF4B-00C04F79EFBC}") = "Common.Observability", "Common.Observability\Common.Observability.csproj", "{3218C3C4-5A40-4456-816C-6D993CCFBCC6}"
EndProject
Project("{2150E333-8FDC-42A3-9474-1A3956D46DE8}") = "Common", "Common", "{A3D08034-5094-472C-ABF5-017FDC36B504}"
EndProject
Project("{FAE04EC0-301F-11D3-BF4B-00C04F79EFBC}") = "Common.Readiness.Kafka", "Common.Readiness.Kafka\Common.Readiness.Kafka.csproj", "{DDCAD7C4-1487-4316-A5F2-6F571D2E873D}"
EndProject
Project("{FAE04EC0-301F-11D3-BF4B-00C04F79EFBC}") = "Common.Readiness.Postgres", "Common.Readiness.Postgres\Common.Readiness.Postgres.csproj", "{DCB639D9-311A-4D05-9855-7215A0744787}"
EndProject
Project("{FAE04EC0-301F-11D3-BF4B-00C04F79EFBC}") = "Common.Readiness.Mongo", "Common.Readiness.Mongo\Common.Readiness.Mongo.csproj", "{FE508FFE-8CB6-4F52-BAC9-FCE0EC719223}"
EndProject
Project("{FAE04EC0-301F-11D3-BF4B-00C04F79EFBC}") = "Common.Readiness.Redis", "Common.Readiness.Redis\Common.Readiness.Redis.csproj", "{F05FF9DE-3293-42F1-9AC8-29DD3F1CD0BF}"
EndProject
Project("{FAE04EC0-301F-11D3-BF4B-00C04F79EFBC}") = "IdentityService", "IdentityService\IdentityService.csproj", "{02C40AAD-A2CD-452E-9DEA-F9566B7BF3DF}"
EndProject
Project("{FAE04EC0-301F-11D3-BF4B-00C04F79EFBC}") = "Contracts.Identity", "Contracts.Identity\Contracts.Identity.csproj", "{10C96505-8C9F-4116-9324-A67E5F1E986C}"
EndProject
Global
	GlobalSection(SolutionConfigurationPlatforms) = preSolution
		Debug|Any CPU = Debug|Any CPU
		Release|Any CPU = Release|Any CPU
	EndGlobalSection
	GlobalSection(ProjectConfigurationPlatforms) = postSolution
		{95E18A4E-AD24-484B-A659-9B8529085C2F}.Debug|Any CPU.ActiveCfg = Debug|Any CPU
		{95E18A4E-AD24-484B-A659-9B8529085C2F}.Debug|Any CPU.Build.0 = Debug|Any CPU
		{95E18A4E-AD24-484B-A659-9B8529085C2F}.Release|Any CPU.ActiveCfg = Release|Any CPU
		{95E18A4E-AD24-484B-A659-9B8529085C2F}.Release|Any CPU.Build.0 = Release|Any CPU
		{B9CC3FA2-88FD-4323-9394-340E113584FD}.Debug|Any CPU.ActiveCfg = Debug|Any CPU
		{B9CC3FA2-88FD-4323-9394-340E113584FD}.Debug|Any CPU.Build.0 = Debug|Any CPU
		{B9CC3FA2-88FD-4323-9394-340E113584FD}.Release|Any CPU.ActiveCfg = Release|Any CPU
		{B9CC3FA2-88FD-4323-9394-340E113584FD}.Release|Any CPU.Build.0 = Release|Any CPU
		{00F8F3FA-71C1-418C-AD17-4E5C00AE4EA9}.Debug|Any CPU.ActiveCfg = Debug|Any CPU
		{00F8F3FA-71C1-418C-AD17-4E5C00AE4EA9}.Debug|Any CPU.Build.0 = Debug|Any CPU
		{00F8F3FA-71C1-418C-AD17-4E5C00AE4EA9}.Release|Any CPU.ActiveCfg = Release|Any CPU
		{00F8F3FA-71C1-418C-AD17-4E5C00AE4EA9}.Release|Any CPU.Build.0 = Release|Any CPU
		{BADF83E4-6382-4287-A563-4EE74A8FB19D}.Debug|Any CPU.ActiveCfg = Debug|Any CPU
		{BADF83E4-6382-4287-A563-4EE74A8FB19D}.Debug|Any CPU.Build.0 = Debug|Any CPU
		{BADF83E4-6382-4287-A563-4EE74A8FB19D}.Release|Any CPU.ActiveCfg = Release|Any CPU
		{BADF83E4-6382-4287-A563-4EE74A8FB19D}.Release|Any CPU.Build.0 = Release|Any CPU
		{ED839D30-5267-4299-A7D5-DD70D978ACFA}.Debug|Any CPU.ActiveCfg = Debug|Any CPU
		{ED839D30-5267-4299-A7D5-DD70D978ACFA}.Debug|Any CPU.Build.0 = Debug|Any CPU
		{ED839D30-5267-4299-A7D5-DD70D978ACFA}.Release|Any CPU.ActiveCfg = Release|Any CPU
		{ED839D30-5267-4299-A7D5-DD70D978ACFA}.Release|Any CPU.Build.0 = Release|Any CPU
		{91A0844D-54AF-4A6E-80F5-4A66EE3B5FAF}.Debug|Any CPU.ActiveCfg = Debug|Any CPU
		{91A0844D-54AF-4A6E-80F5-4A66EE3B5FAF}.Debug|Any CPU.Build.0 = Debug|Any CPU
		{91A0844D-54AF-4A6E-80F5-4A66EE3B5FAF}.Release|Any CPU.ActiveCfg = Release|Any CPU
		{91A0844D-54AF-4A6E-80F5-4A66EE3B5FAF}.Release|Any CPU.Build.0 = Release|Any CPU
		{3218C3C4-5A40-4456-816C-6D993CCFBCC6}.Debug|Any CPU.ActiveCfg = Debug|Any CPU
		{3218C3C4-5A40-4456-816C-6D993CCFBCC6}.Debug|Any CPU.Build.0 = Debug|Any CPU
		{3218C3C4-5A40-4456-816C-6D993CCFBCC6}.Release|Any CPU.ActiveCfg = Release|Any CPU
		{3218C3C4-5A40-4456-816C-6D993CCFBCC6}.Release|Any CPU.Build.0 = Release|Any CPU
		{DDCAD7C4-1487-4316-A5F2-6F571D2E873D}.Debug|Any CPU.ActiveCfg = Debug|Any CPU
		{DDCAD7C4-1487-4316-A5F2-6F571D2E873D}.Debug|Any CPU.Build.0 = Debug|Any CPU
		{DDCAD7C4-1487-4316-A5F2-6F571D2E873D}.Release|Any CPU.ActiveCfg = Release|Any CPU
		{DDCAD7C4-1487-4316-A5F2-6F571D2E873D}.Release|Any CPU.Build.0 = Release|Any CPU
		{DCB639D9-311A-4D05-9855-7215A0744787}.Debug|Any CPU.ActiveCfg = Debug|Any CPU
		{DCB639D9-311A-4D05-9855-7215A0744787}.Debug|Any CPU.Build.0 = Debug|Any CPU
		{DCB639D9-311A-4D05-9855-7215A0744787}.Release|Any CPU.ActiveCfg = Release|Any CPU
		{DCB639D9-311A-4D05-9855-7215A0744787}.Release|Any CPU.Build.0 = Release|Any CPU
		{FE508FFE-8CB6-4F52-BAC9-FCE0EC719223}.Debug|Any CPU.ActiveCfg = Debug|Any CPU
		{FE508FFE-8CB6-4F52-BAC9-FCE0EC719223}.Debug|Any CPU.Build.0 = Debug|Any CPU
		{FE508FFE-8CB6-4F52-BAC9-FCE0EC719223}.Release|Any CPU.ActiveCfg = Release|Any CPU
		{FE508FFE-8CB6-4F52-BAC9-FCE0EC719223}.Release|Any CPU.Build.0 = Release|Any CPU
		{F05FF9DE-3293-42F1-9AC8-29DD3F1CD0BF}.Debug|Any CPU.ActiveCfg = Debug|Any CPU
		{F05FF9DE-3293-42F1-9AC8-29DD3F1CD0BF}.Debug|Any CPU.Build.0 = Debug|Any CPU
		{F05FF9DE-3293-42F1-9AC8-29DD3F1CD0BF}.Release|Any CPU.ActiveCfg = Release|Any CPU
		{F05FF9DE-3293-42F1-9AC8-29DD3F1CD0BF}.Release|Any CPU.Build.0 = Release|Any CPU
		{02C40AAD-A2CD-452E-9DEA-F9566B7BF3DF}.Debug|Any CPU.ActiveCfg = Debug|Any CPU
		{02C40AAD-A2CD-452E-9DEA-F9566B7BF3DF}.Debug|Any CPU.Build.0 = Debug|Any CPU
		{02C40AAD-A2CD-452E-9DEA-F9566B7BF3DF}.Release|Any CPU.ActiveCfg = Release|Any CPU
		{02C40AAD-A2CD-452E-9DEA-F9566B7BF3DF}.Release|Any CPU.Build.0 = Release|Any CPU
		{10C96505-8C9F-4116-9324-A67E5F1E986C}.Debug|Any CPU.ActiveCfg = Debug|Any CPU
		{10C96505-8C9F-4116-9324-A67E5F1E986C}.Debug|Any CPU.Build.0 = Debug|Any CPU
		{10C96505-8C9F-4116-9324-A67E5F1E986C}.Release|Any CPU.ActiveCfg = Release|Any CPU
		{10C96505-8C9F-4116-9324-A67E5F1E986C}.Release|Any CPU.Build.0 = Release|Any CPU
	EndGlobalSection
	GlobalSection(SolutionProperties) = preSolution
		HideSolutionNode = FALSE
	EndGlobalSection
	GlobalSection(NestedProjects) = preSolution
		{00F8F3FA-71C1-418C-AD17-4E5C00AE4EA9} = {02EA681E-C7D8-13C7-8484-4AC65E1B71E8}
		{BADF83E4-6382-4287-A563-4EE74A8FB19D} = {02EA681E-C7D8-13C7-8484-4AC65E1B71E8}
		{91A0844D-54AF-4A6E-80F5-4A66EE3B5FAF} = {02EA681E-C7D8-13C7-8484-4AC65E1B71E8}
		{3218C3C4-5A40-4456-816C-6D993CCFBCC6} = {A3D08034-5094-472C-ABF5-017FDC36B504}
		{DDCAD7C4-1487-4316-A5F2-6F571D2E873D} = {A3D08034-5094-472C-ABF5-017FDC36B504}
		{DCB639D9-311A-4D05-9855-7215A0744787} = {A3D08034-5094-472C-ABF5-017FDC36B504}
		{FE508FFE-8CB6-4F52-BAC9-FCE0EC719223} = {A3D08034-5094-472C-ABF5-017FDC36B504}
		{F05FF9DE-3293-42F1-9AC8-29DD3F1CD0BF} = {A3D08034-5094-472C-ABF5-017FDC36B504}
		{10C96505-8C9F-4116-9324-A67E5F1E986C} = {02EA681E-C7D8-13C7-8484-4AC65E1B71E8}
	EndGlobalSection
	GlobalSection(ExtensibilityGlobals) = postSolution
		SolutionGuid = {B98D8E09-608E-4823-A68D-C4E9D55022EA}
	EndGlobalSection
EndGlobal
