
Microsoft Visual Studio Solution File, Format Version 12.00
# Visual Studio Version 17
VisualStudioVersion = 17.14.36301.6
MinimumVisualStudioVersion = 10.0.40219.1
Project("{FAE04EC0-301F-11D3-BF4B-00C04F79EFBC}") = "LogService", "LogService\LogService.csproj", "{95E18A4E-AD24-484B-A659-9B8529085C2F}"
EndProject
Project("{FAE04EC0-301F-11D3-BF4B-00C04F79EFBC}") = "UserService", "UserService\UserService.csproj", "{82EC5706-482E-4A27-859B-3107D8F069C4}"
EndProject
Project("{FAE04EC0-301F-11D3-BF4B-00C04F79EFBC}") = "ApiGateway", "ApiGateway\ApiGateway.csproj", "{B9CC3FA2-88FD-4323-9394-340E113584FD}"
EndProject
Project("{FAE04EC0-301F-11D3-BF4B-00C04F79EFBC}") = "AuthService", "AuthService\AuthService.csproj", "{8B87D990-ABC8-46CB-93C2-EF68D291692D}"
EndProject
Project("{2150E333-8FDC-42A3-9474-1A3956D46DE8}") = "Contracts", "Contracts", "{02EA681E-C7D8-13C7-8484-4AC65E1B71E8}"
EndProject
Project("{FAE04EC0-301F-11D3-BF4B-00C04F79EFBC}") = "Contracts.Common", "Contracts.Common\Contracts.Common.csproj", "{00F8F3FA-71C1-418C-AD17-4E5C00AE4EA9}"
EndProject
Project("{FAE04EC0-301F-11D3-BF4B-00C04F79EFBC}") = "Contracts.Auth", "Contracts.Auth\Contracts.Auth.csproj", "{1937D819-E301-4C45-BCC5-5C322F262647}"
EndProject
Project("{FAE04EC0-301F-11D3-BF4B-00C04F79EFBC}") = "Contracts.Users", "Contracts.Users\Contracts.Users.csproj", "{9D2C2A10-836C-4D49-B304-8DC05F01356A}"
EndProject
Project("{FAE04EC0-301F-11D3-BF4B-00C04F79EFBC}") = "Contracts.Logs", "Contracts.Logs\Contracts.Logs.csproj", "{BADF83E4-6382-4287-A563-4EE74A8FB19D}"
EndProject
Global
	GlobalSection(SolutionConfigurationPlatforms) = preSolution
		Debug|Any CPU = Debug|Any CPU
		Release|Any CPU = Release|Any CPU
	EndGlobalSection
	GlobalSection(ProjectConfigurationPlatforms) = postSolution
		{95E18A4E-AD24-484B-A659-9B8529085C2F}.Debug|Any CPU.ActiveCfg = Debug|Any CPU
		{95E18A4E-AD24-484B-A659-9B8529085C2F}.Debug|Any CPU.Build.0 = Debug|Any CPU
		{95E18A4E-AD24-484B-A659-9B8529085C2F}.Release|Any CPU.ActiveCfg = Release|Any CPU
		{95E18A4E-AD24-484B-A659-9B8529085C2F}.Release|Any CPU.Build.0 = Release|Any CPU
		{82EC5706-482E-4A27-859B-3107D8F069C4}.Debug|Any CPU.ActiveCfg = Debug|Any CPU
		{82EC5706-482E-4A27-859B-3107D8F069C4}.Debug|Any CPU.Build.0 = Debug|Any CPU
		{82EC5706-482E-4A27-859B-3107D8F069C4}.Release|Any CPU.ActiveCfg = Release|Any CPU
		{82EC5706-482E-4A27-859B-3107D8F069C4}.Release|Any CPU.Build.0 = Release|Any CPU
		{B9CC3FA2-88FD-4323-9394-340E113584FD}.Debug|Any CPU.ActiveCfg = Debug|Any CPU
		{B9CC3FA2-88FD-4323-9394-340E113584FD}.Debug|Any CPU.Build.0 = Debug|Any CPU
		{B9CC3FA2-88FD-4323-9394-340E113584FD}.Release|Any CPU.ActiveCfg = Release|Any CPU
		{B9CC3FA2-88FD-4323-9394-340E113584FD}.Release|Any CPU.Build.0 = Release|Any CPU
		{8B87D990-ABC8-46CB-93C2-EF68D291692D}.Debug|Any CPU.ActiveCfg = Debug|Any CPU
		{8B87D990-ABC8-46CB-93C2-EF68D291692D}.Debug|Any CPU.Build.0 = Debug|Any CPU
		{8B87D990-ABC8-46CB-93C2-EF68D291692D}.Release|Any CPU.ActiveCfg = Release|Any CPU
		{8B87D990-ABC8-46CB-93C2-EF68D291692D}.Release|Any CPU.Build.0 = Release|Any CPU
		{00F8F3FA-71C1-418C-AD17-4E5C00AE4EA9}.Debug|Any CPU.ActiveCfg = Debug|Any CPU
		{00F8F3FA-71C1-418C-AD17-4E5C00AE4EA9}.Debug|Any CPU.Build.0 = Debug|Any CPU
		{00F8F3FA-71C1-418C-AD17-4E5C00AE4EA9}.Release|Any CPU.ActiveCfg = Release|Any CPU
		{00F8F3FA-71C1-418C-AD17-4E5C00AE4EA9}.Release|Any CPU.Build.0 = Release|Any CPU
		{1937D819-E301-4C45-BCC5-5C322F262647}.Debug|Any CPU.ActiveCfg = Debug|Any CPU
		{1937D819-E301-4C45-BCC5-5C322F262647}.Debug|Any CPU.Build.0 = Debug|Any CPU
		{1937D819-E301-4C45-BCC5-5C322F262647}.Release|Any CPU.ActiveCfg = Release|Any CPU
		{1937D819-E301-4C45-BCC5-5C322F262647}.Release|Any CPU.Build.0 = Release|Any CPU
		{9D2C2A10-836C-4D49-B304-8DC05F01356A}.Debug|Any CPU.ActiveCfg = Debug|Any CPU
		{9D2C2A10-836C-4D49-B304-8DC05F01356A}.Debug|Any CPU.Build.0 = Debug|Any CPU
		{9D2C2A10-836C-4D49-B304-8DC05F01356A}.Release|Any CPU.ActiveCfg = Release|Any CPU
		{9D2C2A10-836C-4D49-B304-8DC05F01356A}.Release|Any CPU.Build.0 = Release|Any CPU
		{BADF83E4-6382-4287-A563-4EE74A8FB19D}.Debug|Any CPU.ActiveCfg = Debug|Any CPU
		{BADF83E4-6382-4287-A563-4EE74A8FB19D}.Debug|Any CPU.Build.0 = Debug|Any CPU
		{BADF83E4-6382-4287-A563-4EE74A8FB19D}.Release|Any CPU.ActiveCfg = Release|Any CPU
		{BADF83E4-6382-4287-A563-4EE74A8FB19D}.Release|Any CPU.Build.0 = Release|Any CPU
	EndGlobalSection
	GlobalSection(SolutionProperties) = preSolution
		HideSolutionNode = FALSE
	EndGlobalSection
	GlobalSection(NestedProjects) = preSolution
		{00F8F3FA-71C1-418C-AD17-4E5C00AE4EA9} = {02EA681E-C7D8-13C7-8484-4AC65E1B71E8}
		{1937D819-E301-4C45-BCC5-5C322F262647} = {02EA681E-C7D8-13C7-8484-4AC65E1B71E8}
		{9D2C2A10-836C-4D49-B304-8DC05F01356A} = {02EA681E-C7D8-13C7-8484-4AC65E1B71E8}
		{BADF83E4-6382-4287-A563-4EE74A8FB19D} = {02EA681E-C7D8-13C7-8484-4AC65E1B71E8}
	EndGlobalSection
	GlobalSection(ExtensibilityGlobals) = postSolution
		SolutionGuid = {B98D8E09-608E-4823-A68D-C4E9D55022EA}
	EndGlobalSection
EndGlobal
